// !$*UTF8*$!
{
	archiveVersion = 1;
	classes = {
	};
	objectVersion = 48;
	objects = {

/* Begin PBXBuildFile section */
		FB1B1A7E20E855CC00FFF9F3 /* AppDelegate.swift in Sources */ = {isa = PBXBuildFile; fileRef = FB1B1A7D20E855CC00FFF9F3 /* AppDelegate.swift */; };
		FB1B1A8020E855CC00FFF9F3 /* ViewController.swift in Sources */ = {isa = PBXBuildFile; fileRef = FB1B1A7F20E855CC00FFF9F3 /* ViewController.swift */; };
		FB1B1A8520E855CC00FFF9F3 /* Assets.xcassets in Resources */ = {isa = PBXBuildFile; fileRef = FB1B1A8420E855CC00FFF9F3 /* Assets.xcassets */; };
		FB1B1A8820E855CC00FFF9F3 /* LaunchScreen.storyboard in Resources */ = {isa = PBXBuildFile; fileRef = FB1B1A8620E855CC00FFF9F3 /* LaunchScreen.storyboard */; };
		FB62D5FE20EB11B0004A9980 /* WalkthroughViewController.swift in Sources */ = {isa = PBXBuildFile; fileRef = FB62D5FD20EB11B0004A9980 /* WalkthroughViewController.swift */; };
		FB62D60020EB11CD004A9980 /* AddCardViewController.swift in Sources */ = {isa = PBXBuildFile; fileRef = FB62D5FF20EB11CD004A9980 /* AddCardViewController.swift */; };
		FBBC729020F00484003C2282 /* UIFont+Additions.swift in Sources */ = {isa = PBXBuildFile; fileRef = FBBC728F20F00484003C2282 /* UIFont+Additions.swift */; };
/* End PBXBuildFile section */

/* Begin PBXFileReference section */
		FB1B1A7A20E855CC00FFF9F3 /* Apprentice.app */ = {isa = PBXFileReference; explicitFileType = wrapper.application; includeInIndex = 0; path = Apprentice.app; sourceTree = BUILT_PRODUCTS_DIR; };
		FB1B1A7D20E855CC00FFF9F3 /* AppDelegate.swift */ = {isa = PBXFileReference; lastKnownFileType = sourcecode.swift; path = AppDelegate.swift; sourceTree = "<group>"; };
		FB1B1A7F20E855CC00FFF9F3 /* ViewController.swift */ = {isa = PBXFileReference; lastKnownFileType = sourcecode.swift; path = ViewController.swift; sourceTree = "<group>"; };
		FB1B1A8420E855CC00FFF9F3 /* Assets.xcassets */ = {isa = PBXFileReference; lastKnownFileType = folder.assetcatalog; path = Assets.xcassets; sourceTree = "<group>"; };
		FB1B1A8720E855CC00FFF9F3 /* Base */ = {isa = PBXFileReference; lastKnownFileType = file.storyboard; name = Base; path = Base.lproj/LaunchScreen.storyboard; sourceTree = "<group>"; };
		FB1B1A8920E855CC00FFF9F3 /* Info.plist */ = {isa = PBXFileReference; lastKnownFileType = text.plist.xml; path = Info.plist; sourceTree = "<group>"; };
		FB62D5FD20EB11B0004A9980 /* WalkthroughViewController.swift */ = {isa = PBXFileReference; lastKnownFileType = sourcecode.swift; path = WalkthroughViewController.swift; sourceTree = "<group>"; };
		FB62D5FF20EB11CD004A9980 /* AddCardViewController.swift */ = {isa = PBXFileReference; lastKnownFileType = sourcecode.swift; path = AddCardViewController.swift; sourceTree = "<group>"; };
		FBBC728F20F00484003C2282 /* UIFont+Additions.swift */ = {isa = PBXFileReference; fileEncoding = 4; lastKnownFileType = sourcecode.swift; path = "UIFont+Additions.swift"; sourceTree = "<group>"; };
/* End PBXFileReference section */

/* Begin PBXFrameworksBuildPhase section */
		FB1B1A7720E855CC00FFF9F3 /* Frameworks */ = {
			isa = PBXFrameworksBuildPhase;
			buildActionMask = 2147483647;
			files = (
			);
			runOnlyForDeploymentPostprocessing = 0;
		};
/* End PBXFrameworksBuildPhase section */

/* Begin PBXGroup section */
		FB1B1A7120E855CC00FFF9F3 = {
			isa = PBXGroup;
			children = (
				FB1B1A7C20E855CC00FFF9F3 /* Apprentice */,
				FB1B1A7B20E855CC00FFF9F3 /* Products */,
			);
			sourceTree = "<group>";
		};
		FB1B1A7B20E855CC00FFF9F3 /* Products */ = {
			isa = PBXGroup;
			children = (
				FB1B1A7A20E855CC00FFF9F3 /* Apprentice.app */,
			);
			name = Products;
			sourceTree = "<group>";
		};
		FB1B1A7C20E855CC00FFF9F3 /* Apprentice */ = {
			isa = PBXGroup;
			children = (
				FB62D5FC20EAECA6004A9980 /* Controllers */,
				FB62D5FA20EAEC7C004A9980 /* Models */,
				FB62D5FB20EAECA1004A9980 /* Views */,
				FB1B1A7D20E855CC00FFF9F3 /* AppDelegate.swift */,
				FB1B1A7F20E855CC00FFF9F3 /* ViewController.swift */,
				FBBC728F20F00484003C2282 /* UIFont+Additions.swift */,
				FB1B1A8420E855CC00FFF9F3 /* Assets.xcassets */,
				FB1B1A8620E855CC00FFF9F3 /* LaunchScreen.storyboard */,
				FB1B1A8920E855CC00FFF9F3 /* Info.plist */,
			);
			path = Apprentice;
			sourceTree = "<group>";
		};
		FB62D5FA20EAEC7C004A9980 /* Models */ = {
			isa = PBXGroup;
			children = (
			);
			path = Models;
			sourceTree = "<group>";
		};
		FB62D5FB20EAECA1004A9980 /* Views */ = {
			isa = PBXGroup;
			children = (
			);
			path = Views;
			sourceTree = "<group>";
		};
		FB62D5FC20EAECA6004A9980 /* Controllers */ = {
			isa = PBXGroup;
			children = (
				FB62D5FD20EB11B0004A9980 /* WalkthroughViewController.swift */,
				FB62D5FF20EB11CD004A9980 /* AddCardViewController.swift */,
			);
			path = Controllers;
			sourceTree = "<group>";
		};
/* End PBXGroup section */

/* Begin PBXNativeTarget section */
		FB1B1A7920E855CC00FFF9F3 /* Apprentice */ = {
			isa = PBXNativeTarget;
			buildConfigurationList = FB1B1A8C20E855CC00FFF9F3 /* Build configuration list for PBXNativeTarget "Apprentice" */;
			buildPhases = (
				FB1B1A7620E855CC00FFF9F3 /* Sources */,
				FB1B1A7720E855CC00FFF9F3 /* Frameworks */,
				FB1B1A7820E855CC00FFF9F3 /* Resources */,
			);
			buildRules = (
			);
			dependencies = (
			);
			name = Apprentice;
			productName = Apprentice;
			productReference = FB1B1A7A20E855CC00FFF9F3 /* Apprentice.app */;
			productType = "com.apple.product-type.application";
		};
/* End PBXNativeTarget section */

/* Begin PBXProject section */
		FB1B1A7220E855CC00FFF9F3 /* Project object */ = {
			isa = PBXProject;
			attributes = {
				LastSwiftUpdateCheck = 0920;
				LastUpgradeCheck = 0920;
				ORGANIZATIONNAME = "Devan Beitel";
				TargetAttributes = {
					FB1B1A7920E855CC00FFF9F3 = {
						CreatedOnToolsVersion = 9.2;
						ProvisioningStyle = Automatic;
					};
				};
			};
			buildConfigurationList = FB1B1A7520E855CC00FFF9F3 /* Build configuration list for PBXProject "Apprentice" */;
			compatibilityVersion = "Xcode 8.0";
			developmentRegion = en;
			hasScannedForEncodings = 0;
			knownRegions = (
				en,
				Base,
			);
			mainGroup = FB1B1A7120E855CC00FFF9F3;
			productRefGroup = FB1B1A7B20E855CC00FFF9F3 /* Products */;
			projectDirPath = "";
			projectRoot = "";
			targets = (
				FB1B1A7920E855CC00FFF9F3 /* Apprentice */,
			);
		};
/* End PBXProject section */

/* Begin PBXResourcesBuildPhase section */
		FB1B1A7820E855CC00FFF9F3 /* Resources */ = {
			isa = PBXResourcesBuildPhase;
			buildActionMask = 2147483647;
			files = (
				FB1B1A8820E855CC00FFF9F3 /* LaunchScreen.storyboard in Resources */,
				FB1B1A8520E855CC00FFF9F3 /* Assets.xcassets in Resources */,
			);
			runOnlyForDeploymentPostprocessing = 0;
		};
/* End PBXResourcesBuildPhase section */

/* Begin PBXSourcesBuildPhase section */
		FB1B1A7620E855CC00FFF9F3 /* Sources */ = {
			isa = PBXSourcesBuildPhase;
			buildActionMask = 2147483647;
			files = (
				FB62D60020EB11CD004A9980 /* AddCardViewController.swift in Sources */,
				FBBC729020F00484003C2282 /* UIFont+Additions.swift in Sources */,
				FB62D5FE20EB11B0004A9980 /* WalkthroughViewController.swift in Sources */,
				FB1B1A8020E855CC00FFF9F3 /* ViewController.swift in Sources */,
				FB1B1A7E20E855CC00FFF9F3 /* AppDelegate.swift in Sources */,
			);
			runOnlyForDeploymentPostprocessing = 0;
		};
/* End PBXSourcesBuildPhase section */

/* Begin PBXVariantGroup section */
		FB1B1A8620E855CC00FFF9F3 /* LaunchScreen.storyboard */ = {
			isa = PBXVariantGroup;
			children = (
				FB1B1A8720E855CC00FFF9F3 /* Base */,
			);
			name = LaunchScreen.storyboard;
			sourceTree = "<group>";
		};
/* End PBXVariantGroup section */

/* Begin XCBuildConfiguration section */
		FB1B1A8A20E855CC00FFF9F3 /* Debug */ = {
			isa = XCBuildConfiguration;
			buildSettings = {
				ALWAYS_SEARCH_USER_PATHS = NO;
				CLANG_ANALYZER_NONNULL = YES;
				CLANG_ANALYZER_NUMBER_OBJECT_CONVERSION = YES_AGGRESSIVE;
				CLANG_CXX_LANGUAGE_STANDARD = "gnu++14";
				CLANG_CXX_LIBRARY = "libc++";
				CLANG_ENABLE_MODULES = YES;
				CLANG_ENABLE_OBJC_ARC = YES;
				CLANG_WARN_BLOCK_CAPTURE_AUTORELEASING = YES;
				CLANG_WARN_BOOL_CONVERSION = YES;
				CLANG_WARN_COMMA = YES;
				CLANG_WARN_CONSTANT_CONVERSION = YES;
				CLANG_WARN_DIRECT_OBJC_ISA_USAGE = YES_ERROR;
				CLANG_WARN_DOCUMENTATION_COMMENTS = YES;
				CLANG_WARN_EMPTY_BODY = YES;
				CLANG_WARN_ENUM_CONVERSION = YES;
				CLANG_WARN_INFINITE_RECURSION = YES;
				CLANG_WARN_INT_CONVERSION = YES;
				CLANG_WARN_NON_LITERAL_NULL_CONVERSION = YES;
				CLANG_WARN_OBJC_LITERAL_CONVERSION = YES;
				CLANG_WARN_OBJC_ROOT_CLASS = YES_ERROR;
				CLANG_WARN_RANGE_LOOP_ANALYSIS = YES;
				CLANG_WARN_STRICT_PROTOTYPES = YES;
				CLANG_WARN_SUSPICIOUS_MOVE = YES;
				CLANG_WARN_UNGUARDED_AVAILABILITY = YES_AGGRESSIVE;
				CLANG_WARN_UNREACHABLE_CODE = YES;
				CLANG_WARN__DUPLICATE_METHOD_MATCH = YES;
				CODE_SIGN_IDENTITY = "iPhone Developer";
				COPY_PHASE_STRIP = NO;
				DEBUG_INFORMATION_FORMAT = dwarf;
				ENABLE_STRICT_OBJC_MSGSEND = YES;
				ENABLE_TESTABILITY = YES;
				GCC_C_LANGUAGE_STANDARD = gnu11;
				GCC_DYNAMIC_NO_PIC = NO;
				GCC_NO_COMMON_BLOCKS = YES;
				GCC_OPTIMIZATION_LEVEL = 0;
				GCC_PREPROCESSOR_DEFINITIONS = (
					"DEBUG=1",
					"$(inherited)",
				);
				GCC_WARN_64_TO_32_BIT_CONVERSION = YES;
				GCC_WARN_ABOUT_RETURN_TYPE = YES_ERROR;
				GCC_WARN_UNDECLARED_SELECTOR = YES;
				GCC_WARN_UNINITIALIZED_AUTOS = YES_AGGRESSIVE;
				GCC_WARN_UNUSED_FUNCTION = YES;
				GCC_WARN_UNUSED_VARIABLE = YES;
				IPHONEOS_DEPLOYMENT_TARGET = 11.2;
				MTL_ENABLE_DEBUG_INFO = YES;
				ONLY_ACTIVE_ARCH = YES;
				SDKROOT = iphoneos;
				SWIFT_ACTIVE_COMPILATION_CONDITIONS = DEBUG;
				SWIFT_OPTIMIZATION_LEVEL = "-Onone";
			};
			name = Debug;
		};
		FB1B1A8B20E855CC00FFF9F3 /* Release */ = {
			isa = XCBuildConfiguration;
			buildSettings = {
				ALWAYS_SEARCH_USER_PATHS = NO;
				CLANG_ANALYZER_NONNULL = YES;
				CLANG_ANALYZER_NUMBER_OBJECT_CONVERSION = YES_AGGRESSIVE;
				CLANG_CXX_LANGUAGE_STANDARD = "gnu++14";
				CLANG_CXX_LIBRARY = "libc++";
				CLANG_ENABLE_MODULES = YES;
				CLANG_ENABLE_OBJC_ARC = YES;
				CLANG_WARN_BLOCK_CAPTURE_AUTORELEASING = YES;
				CLANG_WARN_BOOL_CONVERSION = YES;
				CLANG_WARN_COMMA = YES;
				CLANG_WARN_CONSTANT_CONVERSION = YES;
				CLANG_WARN_DIRECT_OBJC_ISA_USAGE = YES_ERROR;
				CLANG_WARN_DOCUMENTATION_COMMENTS = YES;
				CLANG_WARN_EMPTY_BODY = YES;
				CLANG_WARN_ENUM_CONVERSION = YES;
				CLANG_WARN_INFINITE_RECURSION = YES;
				CLANG_WARN_INT_CONVERSION = YES;
				CLANG_WARN_NON_LITERAL_NULL_CONVERSION = YES;
				CLANG_WARN_OBJC_LITERAL_CONVERSION = YES;
				CLANG_WARN_OBJC_ROOT_CLASS = YES_ERROR;
				CLANG_WARN_RANGE_LOOP_ANALYSIS = YES;
				CLANG_WARN_STRICT_PROTOTYPES = YES;
				CLANG_WARN_SUSPICIOUS_MOVE = YES;
				CLANG_WARN_UNGUARDED_AVAILABILITY = YES_AGGRESSIVE;
				CLANG_WARN_UNREACHABLE_CODE = YES;
				CLANG_WARN__DUPLICATE_METHOD_MATCH = YES;
				CODE_SIGN_IDENTITY = "iPhone Developer";
				COPY_PHASE_STRIP = NO;
				DEBUG_INFORMATION_FORMAT = "dwarf-with-dsym";
				ENABLE_NS_ASSERTIONS = NO;
				ENABLE_STRICT_OBJC_MSGSEND = YES;
				GCC_C_LANGUAGE_STANDARD = gnu11;
				GCC_NO_COMMON_BLOCKS = YES;
				GCC_WARN_64_TO_32_BIT_CONVERSION = YES;
				GCC_WARN_ABOUT_RETURN_TYPE = YES_ERROR;
				GCC_WARN_UNDECLARED_SELECTOR = YES;
				GCC_WARN_UNINITIALIZED_AUTOS = YES_AGGRESSIVE;
				GCC_WARN_UNUSED_FUNCTION = YES;
				GCC_WARN_UNUSED_VARIABLE = YES;
				IPHONEOS_DEPLOYMENT_TARGET = 11.2;
				MTL_ENABLE_DEBUG_INFO = NO;
				SDKROOT = iphoneos;
				SWIFT_OPTIMIZATION_LEVEL = "-Owholemodule";
				VALIDATE_PRODUCT = YES;
			};
			name = Release;
		};
		FB1B1A8D20E855CC00FFF9F3 /* Debug */ = {
			isa = XCBuildConfiguration;
			buildSettings = {
				ASSETCATALOG_COMPILER_APPICON_NAME = AppIcon;
				CODE_SIGN_STYLE = Automatic;
				INFOPLIST_FILE = Apprentice/Info.plist;
				LD_RUNPATH_SEARCH_PATHS = "$(inherited) @executable_path/Frameworks";
				PRODUCT_BUNDLE_IDENTIFIER = us.devanb.Apprentice;
				PRODUCT_NAME = "$(TARGET_NAME)";
				SWIFT_VERSION = 4.0;
				TARGETED_DEVICE_FAMILY = 1;
			};
			name = Debug;
		};
		FB1B1A8E20E855CC00FFF9F3 /* Release */ = {
			isa = XCBuildConfiguration;
			buildSettings = {
				ASSETCATALOG_COMPILER_APPICON_NAME = AppIcon;
				CODE_SIGN_STYLE = Automatic;
				INFOPLIST_FILE = Apprentice/Info.plist;
				LD_RUNPATH_SEARCH_PATHS = "$(inherited) @executable_path/Frameworks";
				PRODUCT_BUNDLE_IDENTIFIER = us.devanb.Apprentice;
				PRODUCT_NAME = "$(TARGET_NAME)";
				SWIFT_VERSION = 4.0;
				TARGETED_DEVICE_FAMILY = 1;
			};
			name = Release;
		};
/* End XCBuildConfiguration section */

/* Begin XCConfigurationList section */
		FB1B1A7520E855CC00FFF9F3 /* Build configuration list for PBXProject "Apprentice" */ = {
			isa = XCConfigurationList;
			buildConfigurations = (
				FB1B1A8A20E855CC00FFF9F3 /* Debug */,
				FB1B1A8B20E855CC00FFF9F3 /* Release */,
			);
			defaultConfigurationIsVisible = 0;
			defaultConfigurationName = Release;
		};
		FB1B1A8C20E855CC00FFF9F3 /* Build configuration list for PBXNativeTarget "Apprentice" */ = {
			isa = XCConfigurationList;
			buildConfigurations = (
				FB1B1A8D20E855CC00FFF9F3 /* Debug */,
				FB1B1A8E20E855CC00FFF9F3 /* Release */,
			);
			defaultConfigurationIsVisible = 0;
			defaultConfigurationName = Release;
		};
/* End XCConfigurationList section */
	};
	rootObject = FB1B1A7220E855CC00FFF9F3 /* Project object */;
}
